
Microsoft Visual Studio Solution File, Format Version 12.00
# Visual Studio Version 17
VisualStudioVersion = 17.7.34221.43
MinimumVisualStudioVersion = 10.0.40219.1
Project("{FAE04EC0-301F-11D3-BF4B-00C04F79EFBC}") = "CleanMovie.Domain", "CleanMovie.Domain\CleanMovie.Domain.csproj", "{6BBEFD52-6512-4E26-9544-C278C39CC732}"
EndProject
Project("{FAE04EC0-301F-11D3-BF4B-00C04F79EFBC}") = "CleanMovieApplication", "CleanMovieApplication\CleanMovieApplication.csproj", "{FA24E393-9A16-4228-BB3A-AE46D9EF2ED6}"
EndProject
Global
	GlobalSection(SolutionConfigurationPlatforms) = preSolution
		Debug|Any CPU = Debug|Any CPU
		Release|Any CPU = Release|Any CPU
	EndGlobalSection
	GlobalSection(ProjectConfigurationPlatforms) = postSolution
		{6BBEFD52-6512-4E26-9544-C278C39CC732}.Debug|Any CPU.ActiveCfg = Debug|Any CPU
		{6BBEFD52-6512-4E26-9544-C278C39CC732}.Debug|Any CPU.Build.0 = Debug|Any CPU
		{6BBEFD52-6512-4E26-9544-C278C39CC732}.Release|Any CPU.ActiveCfg = Release|Any CPU
		{6BBEFD52-6512-4E26-9544-C278C39CC732}.Release|Any CPU.Build.0 = Release|Any CPU
		{FA24E393-9A16-4228-BB3A-AE46D9EF2ED6}.Debug|Any CPU.ActiveCfg = Debug|Any CPU
		{FA24E393-9A16-4228-BB3A-AE46D9EF2ED6}.Debug|Any CPU.Build.0 = Debug|Any CPU
		{FA24E393-9A16-4228-BB3A-AE46D9EF2ED6}.Release|Any CPU.ActiveCfg = Release|Any CPU
		{FA24E393-9A16-4228-BB3A-AE46D9EF2ED6}.Release|Any CPU.Build.0 = Release|Any CPU
	EndGlobalSection
	GlobalSection(SolutionProperties) = preSolution
		HideSolutionNode = FALSE
	EndGlobalSection
	GlobalSection(ExtensibilityGlobals) = postSolution
		SolutionGuid = {084E534E-C7E0-433E-9A01-46B778D49480}
	EndGlobalSection
EndGlobal
